{
  "name": "config",
  "version": "0.0.0",
  "lockfileVersion": 2,
  "requires": true,
  "packages": {
    "": {
      "name": "config",
      "version": "0.0.0",
      "license": "MIT",
      "workspaces": [
        "packages/eslint-config-odanado",
        "packages/prettier-config-odanado"
      ]
    },
    "node_modules/eslint-config-odanado": {
      "resolved": "packages/eslint-config-odanado",
      "link": true
    },
    "node_modules/prettier-config-odanado": {
      "resolved": "packages/prettier-config-odanado",
      "link": true
    },
    "packages/eslint-config-odanado": {
      "version": "0.0.1",
      "license": "MIT"
    },
    "packages/prettier-config-odanado": {
      "version": "0.0.1",
      "license": "MIT",
      "devDependencies": {}
    }
  },
  "dependencies": {
    "eslint-config-odanado": {
      "version": "file:packages/eslint-config-odanado"
    },
    "prettier-config-odanado": {
      "version": "file:packages/prettier-config-odanado"
    }
  }
}
